
Microsoft Visual Studio Solution File, Format Version 12.00
# Visual Studio 15
VisualStudioVersion = 15.0.26124.0
MinimumVisualStudioVersion = 15.0.26124.0
Project("{2150E333-8FDC-42A3-9474-1A3956D46DE8}") = "src", "src", "{E55B39EF-F7A5-4800-9287-C8DEE47C25BE}"
EndProject
Project("{FAE04EC0-301F-11D3-BF4B-00C04F79EFBC}") = "Vendas.Domain", "src\Vendas.Domain\Vendas.Domain.csproj", "{8AA8E881-86D0-4877-96B9-16E266613789}"
EndProject
Project("{2150E333-8FDC-42A3-9474-1A3956D46DE8}") = "tests", "tests", "{A5C6C6D4-2926-4351-8E0C-F9FD1CBD9DD2}"
EndProject
Project("{FAE04EC0-301F-11D3-BF4B-00C04F79EFBC}") = "Vendas.Domain.Tests", "tests\Vendas.Domain.Tests\Vendas.Domain.Tests.csproj", "{92C407F0-8519-490C-ACF7-DDAAB88F7CB7}"
EndProject
Global
	GlobalSection(SolutionConfigurationPlatforms) = preSolution
		Debug|Any CPU = Debug|Any CPU
		Debug|x64 = Debug|x64
		Debug|x86 = Debug|x86
		Release|Any CPU = Release|Any CPU
		Release|x64 = Release|x64
		Release|x86 = Release|x86
	EndGlobalSection
	GlobalSection(SolutionProperties) = preSolution
		HideSolutionNode = FALSE
	EndGlobalSection
	GlobalSection(ProjectConfigurationPlatforms) = postSolution
		{8AA8E881-86D0-4877-96B9-16E266613789}.Debug|Any CPU.ActiveCfg = Debug|Any CPU
		{8AA8E881-86D0-4877-96B9-16E266613789}.Debug|Any CPU.Build.0 = Debug|Any CPU
		{8AA8E881-86D0-4877-96B9-16E266613789}.Debug|x64.ActiveCfg = Debug|Any CPU
		{8AA8E881-86D0-4877-96B9-16E266613789}.Debug|x64.Build.0 = Debug|Any CPU
		{8AA8E881-86D0-4877-96B9-16E266613789}.Debug|x86.ActiveCfg = Debug|Any CPU
		{8AA8E881-86D0-4877-96B9-16E266613789}.Debug|x86.Build.0 = Debug|Any CPU
		{8AA8E881-86D0-4877-96B9-16E266613789}.Release|Any CPU.ActiveCfg = Release|Any CPU
		{8AA8E881-86D0-4877-96B9-16E266613789}.Release|Any CPU.Build.0 = Release|Any CPU
		{8AA8E881-86D0-4877-96B9-16E266613789}.Release|x64.ActiveCfg = Release|Any CPU
		{8AA8E881-86D0-4877-96B9-16E266613789}.Release|x64.Build.0 = Release|Any CPU
		{8AA8E881-86D0-4877-96B9-16E266613789}.Release|x86.ActiveCfg = Release|Any CPU
		{8AA8E881-86D0-4877-96B9-16E266613789}.Release|x86.Build.0 = Release|Any CPU
		{92C407F0-8519-490C-ACF7-DDAAB88F7CB7}.Debug|Any CPU.ActiveCfg = Debug|Any CPU
		{92C407F0-8519-490C-ACF7-DDAAB88F7CB7}.Debug|Any CPU.Build.0 = Debug|Any CPU
		{92C407F0-8519-490C-ACF7-DDAAB88F7CB7}.Debug|x64.ActiveCfg = Debug|Any CPU
		{92C407F0-8519-490C-ACF7-DDAAB88F7CB7}.Debug|x64.Build.0 = Debug|Any CPU
		{92C407F0-8519-490C-ACF7-DDAAB88F7CB7}.Debug|x86.ActiveCfg = Debug|Any CPU
		{92C407F0-8519-490C-ACF7-DDAAB88F7CB7}.Debug|x86.Build.0 = Debug|Any CPU
		{92C407F0-8519-490C-ACF7-DDAAB88F7CB7}.Release|Any CPU.ActiveCfg = Release|Any CPU
		{92C407F0-8519-490C-ACF7-DDAAB88F7CB7}.Release|Any CPU.Build.0 = Release|Any CPU
		{92C407F0-8519-490C-ACF7-DDAAB88F7CB7}.Release|x64.ActiveCfg = Release|Any CPU
		{92C407F0-8519-490C-ACF7-DDAAB88F7CB7}.Release|x64.Build.0 = Release|Any CPU
		{92C407F0-8519-490C-ACF7-DDAAB88F7CB7}.Release|x86.ActiveCfg = Release|Any CPU
		{92C407F0-8519-490C-ACF7-DDAAB88F7CB7}.Release|x86.Build.0 = Release|Any CPU
	EndGlobalSection
	GlobalSection(NestedProjects) = preSolution
		{8AA8E881-86D0-4877-96B9-16E266613789} = {E55B39EF-F7A5-4800-9287-C8DEE47C25BE}
		{92C407F0-8519-490C-ACF7-DDAAB88F7CB7} = {A5C6C6D4-2926-4351-8E0C-F9FD1CBD9DD2}
	EndGlobalSection
EndGlobal
